
Microsoft Visual Studio Solution File, Format Version 12.00
# Visual Studio Version 17
VisualStudioVersion = 17.1.32414.318
MinimumVisualStudioVersion = 10.0.40219.1
Project("{9A19103F-16F7-4668-BE54-9A1E7A4F7556}") = "Task_18_Console", "Task_18_Console\Task_18_Console.csproj", "{1A9AFFBF-F4FE-470E-9CF0-9AE83E87D048}"
EndProject
Project("{FAE04EC0-301F-11D3-BF4B-00C04F79EFBC}") = "Types", "Types\Types.csproj", "{C60768E3-8A2C-48E1-B68E-E9A7946EFF79}"
EndProject
Global
	GlobalSection(SolutionConfigurationPlatforms) = preSolution
		Debug|Any CPU = Debug|Any CPU
		Release|Any CPU = Release|Any CPU
	EndGlobalSection
	GlobalSection(ProjectConfigurationPlatforms) = postSolution
		{1A9AFFBF-F4FE-470E-9CF0-9AE83E87D048}.Debug|Any CPU.ActiveCfg = Debug|Any CPU
		{1A9AFFBF-F4FE-470E-9CF0-9AE83E87D048}.Debug|Any CPU.Build.0 = Debug|Any CPU
		{1A9AFFBF-F4FE-470E-9CF0-9AE83E87D048}.Release|Any CPU.ActiveCfg = Release|Any CPU
		{1A9AFFBF-F4FE-470E-9CF0-9AE83E87D048}.Release|Any CPU.Build.0 = Release|Any CPU
		{C60768E3-8A2C-48E1-B68E-E9A7946EFF79}.Debug|Any CPU.ActiveCfg = Debug|Any CPU
		{C60768E3-8A2C-48E1-B68E-E9A7946EFF79}.Debug|Any CPU.Build.0 = Debug|Any CPU
		{C60768E3-8A2C-48E1-B68E-E9A7946EFF79}.Release|Any CPU.ActiveCfg = Release|Any CPU
		{C60768E3-8A2C-48E1-B68E-E9A7946EFF79}.Release|Any CPU.Build.0 = Release|Any CPU
	EndGlobalSection
	GlobalSection(SolutionProperties) = preSolution
		HideSolutionNode = FALSE
	EndGlobalSection
	GlobalSection(ExtensibilityGlobals) = postSolution
		SolutionGuid = {3055467D-FEC3-4AB9-ADA3-F1335CF504CE}
	EndGlobalSection
EndGlobal
